
Microsoft Visual Studio Solution File, Format Version 12.00
# Visual Studio Version 16
VisualStudioVersion = 16.0.31129.286
MinimumVisualStudioVersion = 10.0.40219.1
Project("{FAE04EC0-301F-11D3-BF4B-00C04F79EFBC}") = "Business", "Business\Business.csproj", "{7F611B2F-3696-4E08-B28B-FD0E0E36BC30}"
EndProject
Project("{FAE04EC0-301F-11D3-BF4B-00C04F79EFBC}") = "Core", "Core\Core.csproj", "{00F87FA8-7671-4F04-B8DA-2E2CD9BC1904}"
EndProject
Project("{FAE04EC0-301F-11D3-BF4B-00C04F79EFBC}") = "DataAccess", "DataAccess\DataAccess.csproj", "{C76741ED-30CD-4B73-9C40-DFD162457C06}"
EndProject
Project("{FAE04EC0-301F-11D3-BF4B-00C04F79EFBC}") = "Entity", "Entity\Entity.csproj", "{774A18C1-F53D-40FC-A82F-F2ADB2E9D902}"
EndProject
Project("{FAE04EC0-301F-11D3-BF4B-00C04F79EFBC}") = "WebApi", "WebApi\WebApi.csproj", "{F7BF429F-EE88-4346-B97B-2514BF726EB8}"
EndProject
Global
	GlobalSection(SolutionConfigurationPlatforms) = preSolution
		Debug|Any CPU = Debug|Any CPU
		Release|Any CPU = Release|Any CPU
	EndGlobalSection
	GlobalSection(ProjectConfigurationPlatforms) = postSolution
		{7F611B2F-3696-4E08-B28B-FD0E0E36BC30}.Debug|Any CPU.ActiveCfg = Debug|Any CPU
		{7F611B2F-3696-4E08-B28B-FD0E0E36BC30}.Debug|Any CPU.Build.0 = Debug|Any CPU
		{7F611B2F-3696-4E08-B28B-FD0E0E36BC30}.Release|Any CPU.ActiveCfg = Release|Any CPU
		{7F611B2F-3696-4E08-B28B-FD0E0E36BC30}.Release|Any CPU.Build.0 = Release|Any CPU
		{00F87FA8-7671-4F04-B8DA-2E2CD9BC1904}.Debug|Any CPU.ActiveCfg = Debug|Any CPU
		{00F87FA8-7671-4F04-B8DA-2E2CD9BC1904}.Debug|Any CPU.Build.0 = Debug|Any CPU
		{00F87FA8-7671-4F04-B8DA-2E2CD9BC1904}.Release|Any CPU.ActiveCfg = Release|Any CPU
		{00F87FA8-7671-4F04-B8DA-2E2CD9BC1904}.Release|Any CPU.Build.0 = Release|Any CPU
		{C76741ED-30CD-4B73-9C40-DFD162457C06}.Debug|Any CPU.ActiveCfg = Debug|Any CPU
		{C76741ED-30CD-4B73-9C40-DFD162457C06}.Debug|Any CPU.Build.0 = Debug|Any CPU
		{C76741ED-30CD-4B73-9C40-DFD162457C06}.Release|Any CPU.ActiveCfg = Release|Any CPU
		{C76741ED-30CD-4B73-9C40-DFD162457C06}.Release|Any CPU.Build.0 = Release|Any CPU
		{774A18C1-F53D-40FC-A82F-F2ADB2E9D902}.Debug|Any CPU.ActiveCfg = Debug|Any CPU
		{774A18C1-F53D-40FC-A82F-F2ADB2E9D902}.Debug|Any CPU.Build.0 = Debug|Any CPU
		{774A18C1-F53D-40FC-A82F-F2ADB2E9D902}.Release|Any CPU.ActiveCfg = Release|Any CPU
		{774A18C1-F53D-40FC-A82F-F2ADB2E9D902}.Release|Any CPU.Build.0 = Release|Any CPU
		{F7BF429F-EE88-4346-B97B-2514BF726EB8}.Debug|Any CPU.ActiveCfg = Debug|Any CPU
		{F7BF429F-EE88-4346-B97B-2514BF726EB8}.Debug|Any CPU.Build.0 = Debug|Any CPU
		{F7BF429F-EE88-4346-B97B-2514BF726EB8}.Release|Any CPU.ActiveCfg = Release|Any CPU
		{F7BF429F-EE88-4346-B97B-2514BF726EB8}.Release|Any CPU.Build.0 = Release|Any CPU
	EndGlobalSection
	GlobalSection(SolutionProperties) = preSolution
		HideSolutionNode = FALSE
	EndGlobalSection
	GlobalSection(ExtensibilityGlobals) = postSolution
		SolutionGuid = {F4E547C1-41EF-48C7-B494-B33E0F7EDF0E}
	EndGlobalSection
EndGlobal
